
Microsoft Visual Studio Solution File, Format Version 12.00
# Visual Studio Version 17
VisualStudioVersion = 17.5.002.0
MinimumVisualStudioVersion = 10.0.40219.1
Project("{9A19103F-16F7-4668-BE54-9A1E7A4F7556}") = "C#-projeto-musical", "C#-projeto-musical.csproj", "{23E8FE9A-C6EE-4812-BDCD-4D21738B61A1}"
EndProject
Global
	GlobalSection(SolutionConfigurationPlatforms) = preSolution
		Debug|Any CPU = Debug|Any CPU
		Release|Any CPU = Release|Any CPU
	EndGlobalSection
	GlobalSection(ProjectConfigurationPlatforms) = postSolution
		{23E8FE9A-C6EE-4812-BDCD-4D21738B61A1}.Debug|Any CPU.ActiveCfg = Debug|Any CPU
		{23E8FE9A-C6EE-4812-BDCD-4D21738B61A1}.Debug|Any CPU.Build.0 = Debug|Any CPU
		{23E8FE9A-C6EE-4812-BDCD-4D21738B61A1}.Release|Any CPU.ActiveCfg = Release|Any CPU
		{23E8FE9A-C6EE-4812-BDCD-4D21738B61A1}.Release|Any CPU.Build.0 = Release|Any CPU
	EndGlobalSection
	GlobalSection(SolutionProperties) = preSolution
		HideSolutionNode = FALSE
	EndGlobalSection
	GlobalSection(ExtensibilityGlobals) = postSolution
		SolutionGuid = {7C68BF16-50FB-47DD-B7AC-374F2E0ADEBA}
	EndGlobalSection
EndGlobal
